{
  "name": "guess-the-language",
  "version": "1.0.0",
  "lockfileVersion": 2,
  "requires": true,
  "packages": {
    "": {
      "version": "1.0.0",
      "license": "ISC",
      "dependencies": {
        "animate.css": "^4.1.1",
        "sweetalert2": "^11.0.17"
      }
    },
    "node_modules/animate.css": {
      "version": "4.1.1",
      "resolved": "https://registry.npmjs.org/animate.css/-/animate.css-4.1.1.tgz",
      "integrity": "sha512-+mRmCTv6SbCmtYJCN4faJMNFVNN5EuCTTprDTAo7YzIGji2KADmakjVA3+8mVDkZ2Bf09vayB35lSQIex2+QaQ=="
    },
    "node_modules/sweetalert2": {
      "version": "11.0.17",
      "resolved": "https://registry.npmjs.org/sweetalert2/-/sweetalert2-11.0.17.tgz",
      "integrity": "sha512-oaCGCNjMU648bDg5+/mdStfFNG9sYEejeEZQY8JpAakUM0pLflB3neNyArAZGcWNUQX1y/jOeRdzcNE05Una4A==",
      "funding": {
        "url": "https://sweetalert2.github.io/#donations"
      }
    }
  },
  "dependencies": {
    "animate.css": {
      "version": "4.1.1",
      "resolved": "https://registry.npmjs.org/animate.css/-/animate.css-4.1.1.tgz",
      "integrity": "sha512-+mRmCTv6SbCmtYJCN4faJMNFVNN5EuCTTprDTAo7YzIGji2KADmakjVA3+8mVDkZ2Bf09vayB35lSQIex2+QaQ=="
    },
    "sweetalert2": {
      "version": "11.0.17",
      "resolved": "https://registry.npmjs.org/sweetalert2/-/sweetalert2-11.0.17.tgz",
      "integrity": "sha512-oaCGCNjMU648bDg5+/mdStfFNG9sYEejeEZQY8JpAakUM0pLflB3neNyArAZGcWNUQX1y/jOeRdzcNE05Una4A=="
    }
  }
}
